// !$*UTF8*$!
{
	archiveVersion = 1;
	classes = {
	};
	objectVersion = 56;
	objects = {

/* Begin PBXBuildFile section */
		D9A64FAF2B4CA470001B6E6D /* AppDelegate.swift in Sources */ = {isa = PBXBuildFile; fileRef = D9A64FAE2B4CA470001B6E6D /* AppDelegate.swift */; };
		D9A64FB12B4CA470001B6E6D /* SceneDelegate.swift in Sources */ = {isa = PBXBuildFile; fileRef = D9A64FB02B4CA470001B6E6D /* SceneDelegate.swift */; };
		D9A64FB32B4CA470001B6E6D /* ViewController.swift in Sources */ = {isa = PBXBuildFile; fileRef = D9A64FB22B4CA470001B6E6D /* ViewController.swift */; };
		D9A64FB62B4CA470001B6E6D /* Main.storyboard in Resources */ = {isa = PBXBuildFile; fileRef = D9A64FB42B4CA470001B6E6D /* Main.storyboard */; };
		D9A64FB92B4CA470001B6E6D /* MovieApp.xcdatamodeld in Sources */ = {isa = PBXBuildFile; fileRef = D9A64FB72B4CA470001B6E6D /* MovieApp.xcdatamodeld */; };
		D9A64FBB2B4CA471001B6E6D /* Assets.xcassets in Resources */ = {isa = PBXBuildFile; fileRef = D9A64FBA2B4CA471001B6E6D /* Assets.xcassets */; };
		D9A64FBE2B4CA471001B6E6D /* LaunchScreen.storyboard in Resources */ = {isa = PBXBuildFile; fileRef = D9A64FBC2B4CA471001B6E6D /* LaunchScreen.storyboard */; };
		D9A64FC92B4CA471001B6E6D /* MovieAppTests.swift in Sources */ = {isa = PBXBuildFile; fileRef = D9A64FC82B4CA471001B6E6D /* MovieAppTests.swift */; };
		D9A64FD32B4CA471001B6E6D /* MovieAppUITests.swift in Sources */ = {isa = PBXBuildFile; fileRef = D9A64FD22B4CA471001B6E6D /* MovieAppUITests.swift */; };
		D9A64FD52B4CA471001B6E6D /* MovieAppUITestsLaunchTests.swift in Sources */ = {isa = PBXBuildFile; fileRef = D9A64FD42B4CA471001B6E6D /* MovieAppUITestsLaunchTests.swift */; };
/* End PBXBuildFile section */

/* Begin PBXContainerItemProxy section */
		D9A64FC52B4CA471001B6E6D /* PBXContainerItemProxy */ = {
			isa = PBXContainerItemProxy;
			containerPortal = D9A64FA32B4CA470001B6E6D /* Project object */;
			proxyType = 1;
			remoteGlobalIDString = D9A64FAA2B4CA470001B6E6D;
			remoteInfo = MovieApp;
		};
		D9A64FCF2B4CA471001B6E6D /* PBXContainerItemProxy */ = {
			isa = PBXContainerItemProxy;
			containerPortal = D9A64FA32B4CA470001B6E6D /* Project object */;
			proxyType = 1;
			remoteGlobalIDString = D9A64FAA2B4CA470001B6E6D;
			remoteInfo = MovieApp;
		};
/* End PBXContainerItemProxy section */

/* Begin PBXFileReference section */
		D9A64FAB2B4CA470001B6E6D /* MovieApp.app */ = {isa = PBXFileReference; explicitFileType = wrapper.application; includeInIndex = 0; path = MovieApp.app; sourceTree = BUILT_PRODUCTS_DIR; };
		D9A64FAE2B4CA470001B6E6D /* AppDelegate.swift */ = {isa = PBXFileReference; lastKnownFileType = sourcecode.swift; path = AppDelegate.swift; sourceTree = "<group>"; };
		D9A64FB02B4CA470001B6E6D /* SceneDelegate.swift */ = {isa = PBXFileReference; lastKnownFileType = sourcecode.swift; path = SceneDelegate.swift; sourceTree = "<group>"; };
		D9A64FB22B4CA470001B6E6D /* ViewController.swift */ = {isa = PBXFileReference; lastKnownFileType = sourcecode.swift; path = ViewController.swift; sourceTree = "<group>"; };
		D9A64FB52B4CA470001B6E6D /* Base */ = {isa = PBXFileReference; lastKnownFileType = file.storyboard; name = Base; path = Base.lproj/Main.storyboard; sourceTree = "<group>"; };
		D9A64FB82B4CA470001B6E6D /* MovieApp.xcdatamodel */ = {isa = PBXFileReference; lastKnownFileType = wrapper.xcdatamodel; path = MovieApp.xcdatamodel; sourceTree = "<group>"; };
		D9A64FBA2B4CA471001B6E6D /* Assets.xcassets */ = {isa = PBXFileReference; lastKnownFileType = folder.assetcatalog; path = Assets.xcassets; sourceTree = "<group>"; };
		D9A64FBD2B4CA471001B6E6D /* Base */ = {isa = PBXFileReference; lastKnownFileType = file.storyboard; name = Base; path = Base.lproj/LaunchScreen.storyboard; sourceTree = "<group>"; };
		D9A64FBF2B4CA471001B6E6D /* Info.plist */ = {isa = PBXFileReference; lastKnownFileType = text.plist.xml; path = Info.plist; sourceTree = "<group>"; };
		D9A64FC42B4CA471001B6E6D /* MovieAppTests.xctest */ = {isa = PBXFileReference; explicitFileType = wrapper.cfbundle; includeInIndex = 0; path = MovieAppTests.xctest; sourceTree = BUILT_PRODUCTS_DIR; };
		D9A64FC82B4CA471001B6E6D /* MovieAppTests.swift */ = {isa = PBXFileReference; lastKnownFileType = sourcecode.swift; path = MovieAppTests.swift; sourceTree = "<group>"; };
		D9A64FCE2B4CA471001B6E6D /* MovieAppUITests.xctest */ = {isa = PBXFileReference; explicitFileType = wrapper.cfbundle; includeInIndex = 0; path = MovieAppUITests.xctest; sourceTree = BUILT_PRODUCTS_DIR; };
		D9A64FD22B4CA471001B6E6D /* MovieAppUITests.swift */ = {isa = PBXFileReference; lastKnownFileType = sourcecode.swift; path = MovieAppUITests.swift; sourceTree = "<group>"; };
		D9A64FD42B4CA471001B6E6D /* MovieAppUITestsLaunchTests.swift */ = {isa = PBXFileReference; lastKnownFileType = sourcecode.swift; path = MovieAppUITestsLaunchTests.swift; sourceTree = "<group>"; };
/* End PBXFileReference section */

/* Begin PBXFrameworksBuildPhase section */
		D9A64FA82B4CA470001B6E6D /* Frameworks */ = {
			isa = PBXFrameworksBuildPhase;
			buildActionMask = 2147483647;
			files = (
			);
			runOnlyForDeploymentPostprocessing = 0;
		};
		D9A64FC12B4CA471001B6E6D /* Frameworks */ = {
			isa = PBXFrameworksBuildPhase;
			buildActionMask = 2147483647;
			files = (
			);
			runOnlyForDeploymentPostprocessing = 0;
		};
		D9A64FCB2B4CA471001B6E6D /* Frameworks */ = {
			isa = PBXFrameworksBuildPhase;
			buildActionMask = 2147483647;
			files = (
			);
			runOnlyForDeploymentPostprocessing = 0;
		};
/* End PBXFrameworksBuildPhase section */

/* Begin PBXGroup section */
		D9A64FA22B4CA470001B6E6D = {
			isa = PBXGroup;
			children = (
				D9A64FAD2B4CA470001B6E6D /* MovieApp */,
				D9A64FC72B4CA471001B6E6D /* MovieAppTests */,
				D9A64FD12B4CA471001B6E6D /* MovieAppUITests */,
				D9A64FAC2B4CA470001B6E6D /* Products */,
			);
			sourceTree = "<group>";
		};
		D9A64FAC2B4CA470001B6E6D /* Products */ = {
			isa = PBXGroup;
			children = (
				D9A64FAB2B4CA470001B6E6D /* MovieApp.app */,
				D9A64FC42B4CA471001B6E6D /* MovieAppTests.xctest */,
				D9A64FCE2B4CA471001B6E6D /* MovieAppUITests.xctest */,
			);
			name = Products;
			sourceTree = "<group>";
		};
		D9A64FAD2B4CA470001B6E6D /* MovieApp */ = {
			isa = PBXGroup;
			children = (
				D9A64FAE2B4CA470001B6E6D /* AppDelegate.swift */,
				D9A64FB02B4CA470001B6E6D /* SceneDelegate.swift */,
				D9A64FB22B4CA470001B6E6D /* ViewController.swift */,
				D9A64FB42B4CA470001B6E6D /* Main.storyboard */,
				D9A64FBA2B4CA471001B6E6D /* Assets.xcassets */,
				D9A64FBC2B4CA471001B6E6D /* LaunchScreen.storyboard */,
				D9A64FBF2B4CA471001B6E6D /* Info.plist */,
				D9A64FB72B4CA470001B6E6D /* MovieApp.xcdatamodeld */,
			);
			path = MovieApp;
			sourceTree = "<group>";
		};
		D9A64FC72B4CA471001B6E6D /* MovieAppTests */ = {
			isa = PBXGroup;
			children = (
				D9A64FC82B4CA471001B6E6D /* MovieAppTests.swift */,
			);
			path = MovieAppTests;
			sourceTree = "<group>";
		};
		D9A64FD12B4CA471001B6E6D /* MovieAppUITests */ = {
			isa = PBXGroup;
			children = (
				D9A64FD22B4CA471001B6E6D /* MovieAppUITests.swift */,
				D9A64FD42B4CA471001B6E6D /* MovieAppUITestsLaunchTests.swift */,
			);
			path = MovieAppUITests;
			sourceTree = "<group>";
		};
/* End PBXGroup section */

/* Begin PBXNativeTarget section */
		D9A64FAA2B4CA470001B6E6D /* MovieApp */ = {
			isa = PBXNativeTarget;
			buildConfigurationList = D9A64FD82B4CA471001B6E6D /* Build configuration list for PBXNativeTarget "MovieApp" */;
			buildPhases = (
				D9A64FA72B4CA470001B6E6D /* Sources */,
				D9A64FA82B4CA470001B6E6D /* Frameworks */,
				D9A64FA92B4CA470001B6E6D /* Resources */,
			);
			buildRules = (
			);
			dependencies = (
			);
			name = MovieApp;
			productName = MovieApp;
			productReference = D9A64FAB2B4CA470001B6E6D /* MovieApp.app */;
			productType = "com.apple.product-type.application";
		};
		D9A64FC32B4CA471001B6E6D /* MovieAppTests */ = {
			isa = PBXNativeTarget;
			buildConfigurationList = D9A64FDB2B4CA471001B6E6D /* Build configuration list for PBXNativeTarget "MovieAppTests" */;
			buildPhases = (
				D9A64FC02B4CA471001B6E6D /* Sources */,
				D9A64FC12B4CA471001B6E6D /* Frameworks */,
				D9A64FC22B4CA471001B6E6D /* Resources */,
			);
			buildRules = (
			);
			dependencies = (
				D9A64FC62B4CA471001B6E6D /* PBXTargetDependency */,
			);
			name = MovieAppTests;
			productName = MovieAppTests;
			productReference = D9A64FC42B4CA471001B6E6D /* MovieAppTests.xctest */;
			productType = "com.apple.product-type.bundle.unit-test";
		};
		D9A64FCD2B4CA471001B6E6D /* MovieAppUITests */ = {
			isa = PBXNativeTarget;
			buildConfigurationList = D9A64FDE2B4CA471001B6E6D /* Build configuration list for PBXNativeTarget "MovieAppUITests" */;
			buildPhases = (
				D9A64FCA2B4CA471001B6E6D /* Sources */,
				D9A64FCB2B4CA471001B6E6D /* Frameworks */,
				D9A64FCC2B4CA471001B6E6D /* Resources */,
			);
			buildRules = (
			);
			dependencies = (
				D9A64FD02B4CA471001B6E6D /* PBXTargetDependency */,
			);
			name = MovieAppUITests;
			productName = MovieAppUITests;
			productReference = D9A64FCE2B4CA471001B6E6D /* MovieAppUITests.xctest */;
			productType = "com.apple.product-type.bundle.ui-testing";
		};
/* End PBXNativeTarget section */

/* Begin PBXProject section */
		D9A64FA32B4CA470001B6E6D /* Project object */ = {
			isa = PBXProject;
			attributes = {
				BuildIndependentTargetsInParallel = 1;
				LastSwiftUpdateCheck = 1510;
				LastUpgradeCheck = 1510;
				TargetAttributes = {
					D9A64FAA2B4CA470001B6E6D = {
						CreatedOnToolsVersion = 15.1;
					};
					D9A64FC32B4CA471001B6E6D = {
						CreatedOnToolsVersion = 15.1;
						TestTargetID = D9A64FAA2B4CA470001B6E6D;
					};
					D9A64FCD2B4CA471001B6E6D = {
						CreatedOnToolsVersion = 15.1;
						TestTargetID = D9A64FAA2B4CA470001B6E6D;
					};
				};
			};
			buildConfigurationList = D9A64FA62B4CA470001B6E6D /* Build configuration list for PBXProject "MovieApp" */;
			compatibilityVersion = "Xcode 14.0";
			developmentRegion = en;
			hasScannedForEncodings = 0;
			knownRegions = (
				en,
				Base,
			);
			mainGroup = D9A64FA22B4CA470001B6E6D;
			productRefGroup = D9A64FAC2B4CA470001B6E6D /* Products */;
			projectDirPath = "";
			projectRoot = "";
			targets = (
				D9A64FAA2B4CA470001B6E6D /* MovieApp */,
				D9A64FC32B4CA471001B6E6D /* MovieAppTests */,
				D9A64FCD2B4CA471001B6E6D /* MovieAppUITests */,
			);
		};
/* End PBXProject section */

/* Begin PBXResourcesBuildPhase section */
		D9A64FA92B4CA470001B6E6D /* Resources */ = {
			isa = PBXResourcesBuildPhase;
			buildActionMask = 2147483647;
			files = (
				D9A64FBE2B4CA471001B6E6D /* LaunchScreen.storyboard in Resources */,
				D9A64FBB2B4CA471001B6E6D /* Assets.xcassets in Resources */,
				D9A64FB62B4CA470001B6E6D /* Main.storyboard in Resources */,
			);
			runOnlyForDeploymentPostprocessing = 0;
		};
		D9A64FC22B4CA471001B6E6D /* Resources */ = {
			isa = PBXResourcesBuildPhase;
			buildActionMask = 2147483647;
			files = (
			);
			runOnlyForDeploymentPostprocessing = 0;
		};
		D9A64FCC2B4CA471001B6E6D /* Resources */ = {
			isa = PBXResourcesBuildPhase;
			buildActionMask = 2147483647;
			files = (
			);
			runOnlyForDeploymentPostprocessing = 0;
		};
/* End PBXResourcesBuildPhase section */

/* Begin PBXSourcesBuildPhase section */
		D9A64FA72B4CA470001B6E6D /* Sources */ = {
			isa = PBXSourcesBuildPhase;
			buildActionMask = 2147483647;
			files = (
				D9A64FB32B4CA470001B6E6D /* ViewController.swift in Sources */,
				D9A64FAF2B4CA470001B6E6D /* AppDelegate.swift in Sources */,
				D9A64FB92B4CA470001B6E6D /* MovieApp.xcdatamodeld in Sources */,
				D9A64FB12B4CA470001B6E6D /* SceneDelegate.swift in Sources */,
			);
			runOnlyForDeploymentPostprocessing = 0;
		};
		D9A64FC02B4CA471001B6E6D /* Sources */ = {
			isa = PBXSourcesBuildPhase;
			buildActionMask = 2147483647;
			files = (
				D9A64FC92B4CA471001B6E6D /* MovieAppTests.swift in Sources */,
			);
			runOnlyForDeploymentPostprocessing = 0;
		};
		D9A64FCA2B4CA471001B6E6D /* Sources */ = {
			isa = PBXSourcesBuildPhase;
			buildActionMask = 2147483647;
			files = (
				D9A64FD52B4CA471001B6E6D /* MovieAppUITestsLaunchTests.swift in Sources */,
				D9A64FD32B4CA471001B6E6D /* MovieAppUITests.swift in Sources */,
			);
			runOnlyForDeploymentPostprocessing = 0;
		};
/* End PBXSourcesBuildPhase section */

/* Begin PBXTargetDependency section */
		D9A64FC62B4CA471001B6E6D /* PBXTargetDependency */ = {
			isa = PBXTargetDependency;
			target = D9A64FAA2B4CA470001B6E6D /* MovieApp */;
			targetProxy = D9A64FC52B4CA471001B6E6D /* PBXContainerItemProxy */;
		};
		D9A64FD02B4CA471001B6E6D /* PBXTargetDependency */ = {
			isa = PBXTargetDependency;
			target = D9A64FAA2B4CA470001B6E6D /* MovieApp */;
			targetProxy = D9A64FCF2B4CA471001B6E6D /* PBXContainerItemProxy */;
		};
/* End PBXTargetDependency section */

/* Begin PBXVariantGroup section */
		D9A64FB42B4CA470001B6E6D /* Main.storyboard */ = {
			isa = PBXVariantGroup;
			children = (
				D9A64FB52B4CA470001B6E6D /* Base */,
			);
			name = Main.storyboard;
			sourceTree = "<group>";
		};
		D9A64FBC2B4CA471001B6E6D /* LaunchScreen.storyboard */ = {
			isa = PBXVariantGroup;
			children = (
				D9A64FBD2B4CA471001B6E6D /* Base */,
			);
			name = LaunchScreen.storyboard;
			sourceTree = "<group>";
		};
/* End PBXVariantGroup section */

/* Begin XCBuildConfiguration section */
		D9A64FD62B4CA471001B6E6D /* Debug */ = {
			isa = XCBuildConfiguration;
			buildSettings = {
				ALWAYS_SEARCH_USER_PATHS = NO;
				ASSETCATALOG_COMPILER_GENERATE_SWIFT_ASSET_SYMBOL_EXTENSIONS = YES;
				CLANG_ANALYZER_NONNULL = YES;
				CLANG_ANALYZER_NUMBER_OBJECT_CONVERSION = YES_AGGRESSIVE;
				CLANG_CXX_LANGUAGE_STANDARD = "gnu++20";
				CLANG_ENABLE_MODULES = YES;
				CLANG_ENABLE_OBJC_ARC = YES;
				CLANG_ENABLE_OBJC_WEAK = YES;
				CLANG_WARN_BLOCK_CAPTURE_AUTORELEASING = YES;
				CLANG_WARN_BOOL_CONVERSION = YES;
				CLANG_WARN_COMMA = YES;
				CLANG_WARN_CONSTANT_CONVERSION = YES;
				CLANG_WARN_DEPRECATED_OBJC_IMPLEMENTATIONS = YES;
				CLANG_WARN_DIRECT_OBJC_ISA_USAGE = YES_ERROR;
				CLANG_WARN_DOCUMENTATION_COMMENTS = YES;
				CLANG_WARN_EMPTY_BODY = YES;
				CLANG_WARN_ENUM_CONVERSION = YES;
				CLANG_WARN_INFINITE_RECURSION = YES;
				CLANG_WARN_INT_CONVERSION = YES;
				CLANG_WARN_NON_LITERAL_NULL_CONVERSION = YES;
				CLANG_WARN_OBJC_IMPLICIT_RETAIN_SELF = YES;
				CLANG_WARN_OBJC_LITERAL_CONVERSION = YES;
				CLANG_WARN_OBJC_ROOT_CLASS = YES_ERROR;
				CLANG_WARN_QUOTED_INCLUDE_IN_FRAMEWORK_HEADER = YES;
				CLANG_WARN_RANGE_LOOP_ANALYSIS = YES;
				CLANG_WARN_STRICT_PROTOTYPES = YES;
				CLANG_WARN_SUSPICIOUS_MOVE = YES;
				CLANG_WARN_UNGUARDED_AVAILABILITY = YES_AGGRESSIVE;
				CLANG_WARN_UNREACHABLE_CODE = YES;
				CLANG_WARN__DUPLICATE_METHOD_MATCH = YES;
				COPY_PHASE_STRIP = NO;
				DEBUG_INFORMATION_FORMAT = dwarf;
				ENABLE_STRICT_OBJC_MSGSEND = YES;
				ENABLE_TESTABILITY = YES;
				ENABLE_USER_SCRIPT_SANDBOXING = YES;
				GCC_C_LANGUAGE_STANDARD = gnu17;
				GCC_DYNAMIC_NO_PIC = NO;
				GCC_NO_COMMON_BLOCKS = YES;
				GCC_OPTIMIZATION_LEVEL = 0;
				GCC_PREPROCESSOR_DEFINITIONS = (
					"DEBUG=1",
					"$(inherited)",
				);
				GCC_WARN_64_TO_32_BIT_CONVERSION = YES;
				GCC_WARN_ABOUT_RETURN_TYPE = YES_ERROR;
				GCC_WARN_UNDECLARED_SELECTOR = YES;
				GCC_WARN_UNINITIALIZED_AUTOS = YES_AGGRESSIVE;
				GCC_WARN_UNUSED_FUNCTION = YES;
				GCC_WARN_UNUSED_VARIABLE = YES;
				IPHONEOS_DEPLOYMENT_TARGET = 17.2;
				LOCALIZATION_PREFERS_STRING_CATALOGS = YES;
				MTL_ENABLE_DEBUG_INFO = INCLUDE_SOURCE;
				MTL_FAST_MATH = YES;
				ONLY_ACTIVE_ARCH = YES;
				SDKROOT = iphoneos;
				SWIFT_ACTIVE_COMPILATION_CONDITIONS = "DEBUG $(inherited)";
				SWIFT_OPTIMIZATION_LEVEL = "-Onone";
			};
			name = Debug;
		};
		D9A64FD72B4CA471001B6E6D /* Release */ = {
			isa = XCBuildConfiguration;
			buildSettings = {
				ALWAYS_SEARCH_USER_PATHS = NO;
				ASSETCATALOG_COMPILER_GENERATE_SWIFT_ASSET_SYMBOL_EXTENSIONS = YES;
				CLANG_ANALYZER_NONNULL = YES;
				CLANG_ANALYZER_NUMBER_OBJECT_CONVERSION = YES_AGGRESSIVE;
				CLANG_CXX_LANGUAGE_STANDARD = "gnu++20";
				CLANG_ENABLE_MODULES = YES;
				CLANG_ENABLE_OBJC_ARC = YES;
				CLANG_ENABLE_OBJC_WEAK = YES;
				CLANG_WARN_BLOCK_CAPTURE_AUTORELEASING = YES;
				CLANG_WARN_BOOL_CONVERSION = YES;
				CLANG_WARN_COMMA = YES;
				CLANG_WARN_CONSTANT_CONVERSION = YES;
				CLANG_WARN_DEPRECATED_OBJC_IMPLEMENTATIONS = YES;
				CLANG_WARN_DIRECT_OBJC_ISA_USAGE = YES_ERROR;
				CLANG_WARN_DOCUMENTATION_COMMENTS = YES;
				CLANG_WARN_EMPTY_BODY = YES;
				CLANG_WARN_ENUM_CONVERSION = YES;
				CLANG_WARN_INFINITE_RECURSION = YES;
				CLANG_WARN_INT_CONVERSION = YES;
				CLANG_WARN_NON_LITERAL_NULL_CONVERSION = YES;
				CLANG_WARN_OBJC_IMPLICIT_RETAIN_SELF = YES;
				CLANG_WARN_OBJC_LITERAL_CONVERSION = YES;
				CLANG_WARN_OBJC_ROOT_CLASS = YES_ERROR;
				CLANG_WARN_QUOTED_INCLUDE_IN_FRAMEWORK_HEADER = YES;
				CLANG_WARN_RANGE_LOOP_ANALYSIS = YES;
				CLANG_WARN_STRICT_PROTOTYPES = YES;
				CLANG_WARN_SUSPICIOUS_MOVE = YES;
				CLANG_WARN_UNGUARDED_AVAILABILITY = YES_AGGRESSIVE;
				CLANG_WARN_UNREACHABLE_CODE = YES;
				CLANG_WARN__DUPLICATE_METHOD_MATCH = YES;
				COPY_PHASE_STRIP = NO;
				DEBUG_INFORMATION_FORMAT = "dwarf-with-dsym";
				ENABLE_NS_ASSERTIONS = NO;
				ENABLE_STRICT_OBJC_MSGSEND = YES;
				ENABLE_USER_SCRIPT_SANDBOXING = YES;
				GCC_C_LANGUAGE_STANDARD = gnu17;
				GCC_NO_COMMON_BLOCKS = YES;
				GCC_WARN_64_TO_32_BIT_CONVERSION = YES;
				GCC_WARN_ABOUT_RETURN_TYPE = YES_ERROR;
				GCC_WARN_UNDECLARED_SELECTOR = YES;
				GCC_WARN_UNINITIALIZED_AUTOS = YES_AGGRESSIVE;
				GCC_WARN_UNUSED_FUNCTION = YES;
				GCC_WARN_UNUSED_VARIABLE = YES;
				IPHONEOS_DEPLOYMENT_TARGET = 17.2;
				LOCALIZATION_PREFERS_STRING_CATALOGS = YES;
				MTL_ENABLE_DEBUG_INFO = NO;
				MTL_FAST_MATH = YES;
				SDKROOT = iphoneos;
				SWIFT_COMPILATION_MODE = wholemodule;
				VALIDATE_PRODUCT = YES;
			};
			name = Release;
		};
		D9A64FD92B4CA471001B6E6D /* Debug */ = {
			isa = XCBuildConfiguration;
			buildSettings = {
				ASSETCATALOG_COMPILER_APPICON_NAME = AppIcon;
				ASSETCATALOG_COMPILER_GLOBAL_ACCENT_COLOR_NAME = AccentColor;
				CODE_SIGN_STYLE = Automatic;
				CURRENT_PROJECT_VERSION = 1;
				DEVELOPMENT_TEAM = MLR3L2S47H;
				GENERATE_INFOPLIST_FILE = YES;
				INFOPLIST_FILE = MovieApp/Info.plist;
				INFOPLIST_KEY_UIApplicationSupportsIndirectInputEvents = YES;
				INFOPLIST_KEY_UILaunchStoryboardName = LaunchScreen;
				INFOPLIST_KEY_UIMainStoryboardFile = Main;
				INFOPLIST_KEY_UISupportedInterfaceOrientations_iPad = "UIInterfaceOrientationPortrait UIInterfaceOrientationPortraitUpsideDown UIInterfaceOrientationLandscapeLeft UIInterfaceOrientationLandscapeRight";
				INFOPLIST_KEY_UISupportedInterfaceOrientations_iPhone = "UIInterfaceOrientationPortrait UIInterfaceOrientationLandscapeLeft UIInterfaceOrientationLandscapeRight";
				LD_RUNPATH_SEARCH_PATHS = (
					"$(inherited)",
					"@executable_path/Frameworks",
				);
				MARKETING_VERSION = 1.0;
				PRODUCT_BUNDLE_IDENTIFIER = com.MovieApp;
				PRODUCT_NAME = "$(TARGET_NAME)";
				SWIFT_EMIT_LOC_STRINGS = YES;
				SWIFT_VERSION = 5.0;
				TARGETED_DEVICE_FAMILY = "1,2";
			};
			name = Debug;
		};
		D9A64FDA2B4CA471001B6E6D /* Release */ = {
			isa = XCBuildConfiguration;
			buildSettings = {
				ASSETCATALOG_COMPILER_APPICON_NAME = AppIcon;
				ASSETCATALOG_COMPILER_GLOBAL_ACCENT_COLOR_NAME = AccentColor;
				CODE_SIGN_STYLE = Automatic;
				CURRENT_PROJECT_VERSION = 1;
				DEVELOPMENT_TEAM = MLR3L2S47H;
				GENERATE_INFOPLIST_FILE = YES;
				INFOPLIST_FILE = MovieApp/Info.plist;
				INFOPLIST_KEY_UIApplicationSupportsIndirectInputEvents = YES;
				INFOPLIST_KEY_UILaunchStoryboardName = LaunchScreen;
				INFOPLIST_KEY_UIMainStoryboardFile = Main;
				INFOPLIST_KEY_UISupportedInterfaceOrientations_iPad = "UIInterfaceOrientationPortrait UIInterfaceOrientationPortraitUpsideDown UIInterfaceOrientationLandscapeLeft UIInterfaceOrientationLandscapeRight";
				INFOPLIST_KEY_UISupportedInterfaceOrientations_iPhone = "UIInterfaceOrientationPortrait UIInterfaceOrientationLandscapeLeft UIInterfaceOrientationLandscapeRight";
				LD_RUNPATH_SEARCH_PATHS = (
					"$(inherited)",
					"@executable_path/Frameworks",
				);
				MARKETING_VERSION = 1.0;
				PRODUCT_BUNDLE_IDENTIFIER = com.MovieApp;
				PRODUCT_NAME = "$(TARGET_NAME)";
				SWIFT_EMIT_LOC_STRINGS = YES;
				SWIFT_VERSION = 5.0;
				TARGETED_DEVICE_FAMILY = "1,2";
			};
			name = Release;
		};
		D9A64FDC2B4CA471001B6E6D /* Debug */ = {
			isa = XCBuildConfiguration;
			buildSettings = {
				ALWAYS_EMBED_SWIFT_STANDARD_LIBRARIES = YES;
				BUNDLE_LOADER = "$(TEST_HOST)";
				CODE_SIGN_STYLE = Automatic;
				CURRENT_PROJECT_VERSION = 1;
				DEVELOPMENT_TEAM = MLR3L2S47H;
				GENERATE_INFOPLIST_FILE = YES;
				IPHONEOS_DEPLOYMENT_TARGET = 17.2;
				MARKETING_VERSION = 1.0;
				PRODUCT_BUNDLE_IDENTIFIER = com.MovieAppTests;
				PRODUCT_NAME = "$(TARGET_NAME)";
				SWIFT_EMIT_LOC_STRINGS = NO;
				SWIFT_VERSION = 5.0;
				TARGETED_DEVICE_FAMILY = "1,2";
				TEST_HOST = "$(BUILT_PRODUCTS_DIR)/MovieApp.app/$(BUNDLE_EXECUTABLE_FOLDER_PATH)/MovieApp";
			};
			name = Debug;
		};
		D9A64FDD2B4CA471001B6E6D /* Release */ = {
			isa = XCBuildConfiguration;
			buildSettings = {
				ALWAYS_EMBED_SWIFT_STANDARD_LIBRARIES = YES;
				BUNDLE_LOADER = "$(TEST_HOST)";
				CODE_SIGN_STYLE = Automatic;
				CURRENT_PROJECT_VERSION = 1;
				DEVELOPMENT_TEAM = MLR3L2S47H;
				GENERATE_INFOPLIST_FILE = YES;
				IPHONEOS_DEPLOYMENT_TARGET = 17.2;
				MARKETING_VERSION = 1.0;
				PRODUCT_BUNDLE_IDENTIFIER = com.MovieAppTests;
				PRODUCT_NAME = "$(TARGET_NAME)";
				SWIFT_EMIT_LOC_STRINGS = NO;
				SWIFT_VERSION = 5.0;
				TARGETED_DEVICE_FAMILY = "1,2";
				TEST_HOST = "$(BUILT_PRODUCTS_DIR)/MovieApp.app/$(BUNDLE_EXECUTABLE_FOLDER_PATH)/MovieApp";
			};
			name = Release;
		};
		D9A64FDF2B4CA471001B6E6D /* Debug */ = {
			isa = XCBuildConfiguration;
			buildSettings = {
				ALWAYS_EMBED_SWIFT_STANDARD_LIBRARIES = YES;
				CODE_SIGN_STYLE = Automatic;
				CURRENT_PROJECT_VERSION = 1;
				DEVELOPMENT_TEAM = MLR3L2S47H;
				GENERATE_INFOPLIST_FILE = YES;
				MARKETING_VERSION = 1.0;
				PRODUCT_BUNDLE_IDENTIFIER = com.MovieAppUITests;
				PRODUCT_NAME = "$(TARGET_NAME)";
				SWIFT_EMIT_LOC_STRINGS = NO;
				SWIFT_VERSION = 5.0;
				TARGETED_DEVICE_FAMILY = "1,2";
				TEST_TARGET_NAME = MovieApp;
			};
			name = Debug;
		};
		D9A64FE02B4CA471001B6E6D /* Release */ = {
			isa = XCBuildConfiguration;
			buildSettings = {
				ALWAYS_EMBED_SWIFT_STANDARD_LIBRARIES = YES;
				CODE_SIGN_STYLE = Automatic;
				CURRENT_PROJECT_VERSION = 1;
				DEVELOPMENT_TEAM = MLR3L2S47H;
				GENERATE_INFOPLIST_FILE = YES;
				MARKETING_VERSION = 1.0;
				PRODUCT_BUNDLE_IDENTIFIER = com.MovieAppUITests;
				PRODUCT_NAME = "$(TARGET_NAME)";
				SWIFT_EMIT_LOC_STRINGS = NO;
				SWIFT_VERSION = 5.0;
				TARGETED_DEVICE_FAMILY = "1,2";
				TEST_TARGET_NAME = MovieApp;
			};
			name = Release;
		};
/* End XCBuildConfiguration section */

/* Begin XCConfigurationList section */
		D9A64FA62B4CA470001B6E6D /* Build configuration list for PBXProject "MovieApp" */ = {
			isa = XCConfigurationList;
			buildConfigurations = (
				D9A64FD62B4CA471001B6E6D /* Debug */,
				D9A64FD72B4CA471001B6E6D /* Release */,
			);
			defaultConfigurationIsVisible = 0;
			defaultConfigurationName = Release;
		};
		D9A64FD82B4CA471001B6E6D /* Build configuration list for PBXNativeTarget "MovieApp" */ = {
			isa = XCConfigurationList;
			buildConfigurations = (
				D9A64FD92B4CA471001B6E6D /* Debug */,
				D9A64FDA2B4CA471001B6E6D /* Release */,
			);
			defaultConfigurationIsVisible = 0;
			defaultConfigurationName = Release;
		};
		D9A64FDB2B4CA471001B6E6D /* Build configuration list for PBXNativeTarget "MovieAppTests" */ = {
			isa = XCConfigurationList;
			buildConfigurations = (
				D9A64FDC2B4CA471001B6E6D /* Debug */,
				D9A64FDD2B4CA471001B6E6D /* Release */,
			);
			defaultConfigurationIsVisible = 0;
			defaultConfigurationName = Release;
		};
		D9A64FDE2B4CA471001B6E6D /* Build configuration list for PBXNativeTarget "MovieAppUITests" */ = {
			isa = XCConfigurationList;
			buildConfigurations = (
				D9A64FDF2B4CA471001B6E6D /* Debug */,
				D9A64FE02B4CA471001B6E6D /* Release */,
			);
			defaultConfigurationIsVisible = 0;
			defaultConfigurationName = Release;
		};
/* End XCConfigurationList section */

/* Begin XCVersionGroup section */
		D9A64FB72B4CA470001B6E6D /* MovieApp.xcdatamodeld */ = {
			isa = XCVersionGroup;
			children = (
				D9A64FB82B4CA470001B6E6D /* MovieApp.xcdatamodel */,
			);
			currentVersion = D9A64FB82B4CA470001B6E6D /* MovieApp.xcdatamodel */;
			path = MovieApp.xcdatamodeld;
			sourceTree = "<group>";
			versionGroupType = wrapper.xcdatamodel;
		};
/* End XCVersionGroup section */
	};
	rootObject = D9A64FA32B4CA470001B6E6D /* Project object */;
}
